{
  "name": "seccraft-wireless-decoder-qa",
  "lockfileVersion": 3,
  "requires": true,
  "packages": {
    "": {
      "name": "seccraft-wireless-decoder-qa",
      "dependencies": {
        "@goodtools/wiregasm": "1.9.1"
      }
    },
    "node_modules/@goodtools/wiregasm": {
      "version": "1.9.1",
      "resolved": "https://registry.npmjs.org/@goodtools/wiregasm/-/wiregasm-1.9.1.tgz",
      "integrity": "sha512-kV/mDapHD//S0QVqyPwVnOdm3NLSSwHYT6u/b+nenUxofWauZ2Y6LvgCxMMk5Jvw3+++EKIDpRRx9jfnt7lshw==",
      "license": "GPLV2"
    }
  }
}
